{
  "name": "miniprogram",
  "version": "1.0.0",
  "lockfileVersion": 3,
  "requires": true,
  "packages": {
    "": {
      "name": "miniprogram",
      "version": "1.0.0",
      "license": "ISC",
      "dependencies": {
        "@cloudbase/wx-cloud-client-sdk": "^1.0.0"
      }
    },
    "node_modules/@cloudbase/wx-cloud-client-sdk": {
      "version": "1.0.0",
      "resolved": "https://registry.npmjs.org/@cloudbase/wx-cloud-client-sdk/-/wx-cloud-client-sdk-1.0.0.tgz",
      "integrity": "sha512-eSqLBr8LM3p65XSFyqtmMnCBMLUakeWEOFVGENtwlvU0IttUHwD9+M6Pq0r87JWYj9mC+1PJSaMD/zzpm2h52Q=="
    }
  }
}
